
Microsoft Visual Studio Solution File, Format Version 12.00
# Visual Studio Version 16
VisualStudioVersion = 16.0.30907.101
MinimumVisualStudioVersion = 10.0.40219.1
Project("{FAE04EC0-301F-11D3-BF4B-00C04F79EFBC}") = "ValidParentheses", "Algorithms\ValidParentheses.csproj", "{2141B6AF-A836-4F57-A063-17F1F0A15BF2}"
EndProject
Project("{FAE04EC0-301F-11D3-BF4B-00C04F79EFBC}") = "ValidParenthesesTest", "ValidParenthesesTest\ValidParenthesesTest.csproj", "{BA324E26-F82E-49FD-A065-682D469884F0}"
EndProject
Global
	GlobalSection(SolutionConfigurationPlatforms) = preSolution
		Debug|Any CPU = Debug|Any CPU
		Release|Any CPU = Release|Any CPU
	EndGlobalSection
	GlobalSection(ProjectConfigurationPlatforms) = postSolution
		{2141B6AF-A836-4F57-A063-17F1F0A15BF2}.Debug|Any CPU.ActiveCfg = Debug|Any CPU
		{2141B6AF-A836-4F57-A063-17F1F0A15BF2}.Debug|Any CPU.Build.0 = Debug|Any CPU
		{2141B6AF-A836-4F57-A063-17F1F0A15BF2}.Release|Any CPU.ActiveCfg = Release|Any CPU
		{2141B6AF-A836-4F57-A063-17F1F0A15BF2}.Release|Any CPU.Build.0 = Release|Any CPU
		{BA324E26-F82E-49FD-A065-682D469884F0}.Debug|Any CPU.ActiveCfg = Debug|Any CPU
		{BA324E26-F82E-49FD-A065-682D469884F0}.Debug|Any CPU.Build.0 = Debug|Any CPU
		{BA324E26-F82E-49FD-A065-682D469884F0}.Release|Any CPU.ActiveCfg = Release|Any CPU
		{BA324E26-F82E-49FD-A065-682D469884F0}.Release|Any CPU.Build.0 = Release|Any CPU
	EndGlobalSection
	GlobalSection(SolutionProperties) = preSolution
		HideSolutionNode = FALSE
	EndGlobalSection
	GlobalSection(ExtensibilityGlobals) = postSolution
		SolutionGuid = {337D7E60-F62C-4A93-87E4-3B009C9FD475}
	EndGlobalSection
EndGlobal
