
Microsoft Visual Studio Solution File, Format Version 12.00
# Visual Studio Version 16
VisualStudioVersion = 16.0.30907.101
MinimumVisualStudioVersion = 10.0.40219.1
Project("{9A19103F-16F7-4668-BE54-9A1E7A4F7556}") = "ValidParenthesesTest", "ValidParenthesesTest\ValidParenthesesTest.csproj", "{BA324E26-F82E-49FD-A065-682D469884F0}"
EndProject
Project("{9A19103F-16F7-4668-BE54-9A1E7A4F7556}") = "ValidParentheses", "ValidParentheses\ValidParentheses.csproj", "{12B0CA6D-82EE-49E9-8B00-A6663B7656E5}"
EndProject
Project("{9A19103F-16F7-4668-BE54-9A1E7A4F7556}") = "MinStack", "MinStack\MinStack.csproj", "{C6DB7733-8861-4A41-9D53-7BBB237DB171}"
EndProject
Project("{9A19103F-16F7-4668-BE54-9A1E7A4F7556}") = "MinStackTest", "MinStackTest\MinStackTest.csproj", "{06508DB5-BF6B-4BBF-8DBA-54EE72260848}"
EndProject
Project("{9A19103F-16F7-4668-BE54-9A1E7A4F7556}") = "ReverseLinkedList", "ReverseLinkedList\ReverseLinkedList.csproj", "{78EB65ED-5107-40B5-879D-1A1910BD63BC}"
EndProject
Project("{9A19103F-16F7-4668-BE54-9A1E7A4F7556}") = "ReverseLinkedListTest", "ReverseLinkedListTest\ReverseLinkedListTest.csproj", "{330FF14B-BF49-4764-89F4-01EDF688CEBF}"
EndProject
Project("{9A19103F-16F7-4668-BE54-9A1E7A4F7556}") = "TrappingRainWater", "TrappingRainWater\TrappingRainWater.csproj", "{FA4C761F-A7E0-4D15-99FD-91A56CF7DBD0}"
EndProject
Project("{9A19103F-16F7-4668-BE54-9A1E7A4F7556}") = "TrappingRainWaterTest", "TrappingRainWaterTest\TrappingRainWaterTest.csproj", "{D1128137-89B3-4D79-8550-76F7A1CE1D97}"
EndProject
Project("{2150E333-8FDC-42A3-9474-1A3956D46DE8}") = "ProblemImplementations", "ProblemImplementations", "{BEFE1E8C-CCFC-4599-BD14-0B2E60C5B27F}"
EndProject
Project("{2150E333-8FDC-42A3-9474-1A3956D46DE8}") = "Tests", "Tests", "{36215E82-A6EA-4457-80D7-B962F65CEF0E}"
EndProject
Project("{2150E333-8FDC-42A3-9474-1A3956D46DE8}") = "DataStructures", "DataStructures", "{02A688C7-D1F7-40A0-B12B-4111C12C05E8}"
EndProject
Project("{9A19103F-16F7-4668-BE54-9A1E7A4F7556}") = "DataStructure", "DataStructure\DataStructure.csproj", "{6752122B-62B0-497E-8404-0C7B0D83FC9B}"
EndProject
Project("{2150E333-8FDC-42A3-9474-1A3956D46DE8}") = "Driver", "Driver", "{73FBF119-7712-4A6F-AF15-F6FF9FDB3018}"
EndProject
Project("{9A19103F-16F7-4668-BE54-9A1E7A4F7556}") = "Drive", "Drive\Drive.csproj", "{AD5B2B1D-6AE6-4322-86E3-C9D0AAB6433D}"
EndProject
Project("{FAE04EC0-301F-11D3-BF4B-00C04F79EFBC}") = "GraphApplications", "GraphApplications\GraphApplications.csproj", "{F6E8559F-6169-4F65-B8D6-20A7FC3C7238}"
EndProject
Project("{FAE04EC0-301F-11D3-BF4B-00C04F79EFBC}") = "GraphTests", "GraphTests\GraphTests.csproj", "{CB2A6DB6-AE37-4EFE-BA87-8EA15E73D9CD}"
EndProject
Global
	GlobalSection(SolutionConfigurationPlatforms) = preSolution
		Debug|Any CPU = Debug|Any CPU
		Release|Any CPU = Release|Any CPU
	EndGlobalSection
	GlobalSection(ProjectConfigurationPlatforms) = postSolution
		{BA324E26-F82E-49FD-A065-682D469884F0}.Debug|Any CPU.ActiveCfg = Debug|Any CPU
		{BA324E26-F82E-49FD-A065-682D469884F0}.Debug|Any CPU.Build.0 = Debug|Any CPU
		{BA324E26-F82E-49FD-A065-682D469884F0}.Release|Any CPU.ActiveCfg = Release|Any CPU
		{BA324E26-F82E-49FD-A065-682D469884F0}.Release|Any CPU.Build.0 = Release|Any CPU
		{12B0CA6D-82EE-49E9-8B00-A6663B7656E5}.Debug|Any CPU.ActiveCfg = Debug|Any CPU
		{12B0CA6D-82EE-49E9-8B00-A6663B7656E5}.Debug|Any CPU.Build.0 = Debug|Any CPU
		{12B0CA6D-82EE-49E9-8B00-A6663B7656E5}.Release|Any CPU.ActiveCfg = Release|Any CPU
		{12B0CA6D-82EE-49E9-8B00-A6663B7656E5}.Release|Any CPU.Build.0 = Release|Any CPU
		{C6DB7733-8861-4A41-9D53-7BBB237DB171}.Debug|Any CPU.ActiveCfg = Debug|Any CPU
		{C6DB7733-8861-4A41-9D53-7BBB237DB171}.Debug|Any CPU.Build.0 = Debug|Any CPU
		{C6DB7733-8861-4A41-9D53-7BBB237DB171}.Release|Any CPU.ActiveCfg = Release|Any CPU
		{C6DB7733-8861-4A41-9D53-7BBB237DB171}.Release|Any CPU.Build.0 = Release|Any CPU
		{06508DB5-BF6B-4BBF-8DBA-54EE72260848}.Debug|Any CPU.ActiveCfg = Debug|Any CPU
		{06508DB5-BF6B-4BBF-8DBA-54EE72260848}.Debug|Any CPU.Build.0 = Debug|Any CPU
		{06508DB5-BF6B-4BBF-8DBA-54EE72260848}.Release|Any CPU.ActiveCfg = Release|Any CPU
		{06508DB5-BF6B-4BBF-8DBA-54EE72260848}.Release|Any CPU.Build.0 = Release|Any CPU
		{78EB65ED-5107-40B5-879D-1A1910BD63BC}.Debug|Any CPU.ActiveCfg = Debug|Any CPU
		{78EB65ED-5107-40B5-879D-1A1910BD63BC}.Debug|Any CPU.Build.0 = Debug|Any CPU
		{78EB65ED-5107-40B5-879D-1A1910BD63BC}.Release|Any CPU.ActiveCfg = Release|Any CPU
		{78EB65ED-5107-40B5-879D-1A1910BD63BC}.Release|Any CPU.Build.0 = Release|Any CPU
		{330FF14B-BF49-4764-89F4-01EDF688CEBF}.Debug|Any CPU.ActiveCfg = Debug|Any CPU
		{330FF14B-BF49-4764-89F4-01EDF688CEBF}.Debug|Any CPU.Build.0 = Debug|Any CPU
		{330FF14B-BF49-4764-89F4-01EDF688CEBF}.Release|Any CPU.ActiveCfg = Release|Any CPU
		{330FF14B-BF49-4764-89F4-01EDF688CEBF}.Release|Any CPU.Build.0 = Release|Any CPU
		{FA4C761F-A7E0-4D15-99FD-91A56CF7DBD0}.Debug|Any CPU.ActiveCfg = Debug|Any CPU
		{FA4C761F-A7E0-4D15-99FD-91A56CF7DBD0}.Debug|Any CPU.Build.0 = Debug|Any CPU
		{FA4C761F-A7E0-4D15-99FD-91A56CF7DBD0}.Release|Any CPU.ActiveCfg = Release|Any CPU
		{FA4C761F-A7E0-4D15-99FD-91A56CF7DBD0}.Release|Any CPU.Build.0 = Release|Any CPU
		{D1128137-89B3-4D79-8550-76F7A1CE1D97}.Debug|Any CPU.ActiveCfg = Debug|Any CPU
		{D1128137-89B3-4D79-8550-76F7A1CE1D97}.Debug|Any CPU.Build.0 = Debug|Any CPU
		{D1128137-89B3-4D79-8550-76F7A1CE1D97}.Release|Any CPU.ActiveCfg = Release|Any CPU
		{D1128137-89B3-4D79-8550-76F7A1CE1D97}.Release|Any CPU.Build.0 = Release|Any CPU
		{6752122B-62B0-497E-8404-0C7B0D83FC9B}.Debug|Any CPU.ActiveCfg = Debug|Any CPU
		{6752122B-62B0-497E-8404-0C7B0D83FC9B}.Debug|Any CPU.Build.0 = Debug|Any CPU
		{6752122B-62B0-497E-8404-0C7B0D83FC9B}.Release|Any CPU.ActiveCfg = Release|Any CPU
		{6752122B-62B0-497E-8404-0C7B0D83FC9B}.Release|Any CPU.Build.0 = Release|Any CPU
		{AD5B2B1D-6AE6-4322-86E3-C9D0AAB6433D}.Debug|Any CPU.ActiveCfg = Debug|Any CPU
		{AD5B2B1D-6AE6-4322-86E3-C9D0AAB6433D}.Debug|Any CPU.Build.0 = Debug|Any CPU
		{AD5B2B1D-6AE6-4322-86E3-C9D0AAB6433D}.Release|Any CPU.ActiveCfg = Release|Any CPU
		{AD5B2B1D-6AE6-4322-86E3-C9D0AAB6433D}.Release|Any CPU.Build.0 = Release|Any CPU
		{F6E8559F-6169-4F65-B8D6-20A7FC3C7238}.Debug|Any CPU.ActiveCfg = Debug|Any CPU
		{F6E8559F-6169-4F65-B8D6-20A7FC3C7238}.Debug|Any CPU.Build.0 = Debug|Any CPU
		{F6E8559F-6169-4F65-B8D6-20A7FC3C7238}.Release|Any CPU.ActiveCfg = Release|Any CPU
		{F6E8559F-6169-4F65-B8D6-20A7FC3C7238}.Release|Any CPU.Build.0 = Release|Any CPU
		{CB2A6DB6-AE37-4EFE-BA87-8EA15E73D9CD}.Debug|Any CPU.ActiveCfg = Debug|Any CPU
		{CB2A6DB6-AE37-4EFE-BA87-8EA15E73D9CD}.Debug|Any CPU.Build.0 = Debug|Any CPU
		{CB2A6DB6-AE37-4EFE-BA87-8EA15E73D9CD}.Release|Any CPU.ActiveCfg = Release|Any CPU
		{CB2A6DB6-AE37-4EFE-BA87-8EA15E73D9CD}.Release|Any CPU.Build.0 = Release|Any CPU
	EndGlobalSection
	GlobalSection(SolutionProperties) = preSolution
		HideSolutionNode = FALSE
	EndGlobalSection
	GlobalSection(NestedProjects) = preSolution
		{BA324E26-F82E-49FD-A065-682D469884F0} = {36215E82-A6EA-4457-80D7-B962F65CEF0E}
		{12B0CA6D-82EE-49E9-8B00-A6663B7656E5} = {BEFE1E8C-CCFC-4599-BD14-0B2E60C5B27F}
		{C6DB7733-8861-4A41-9D53-7BBB237DB171} = {BEFE1E8C-CCFC-4599-BD14-0B2E60C5B27F}
		{06508DB5-BF6B-4BBF-8DBA-54EE72260848} = {36215E82-A6EA-4457-80D7-B962F65CEF0E}
		{78EB65ED-5107-40B5-879D-1A1910BD63BC} = {BEFE1E8C-CCFC-4599-BD14-0B2E60C5B27F}
		{330FF14B-BF49-4764-89F4-01EDF688CEBF} = {36215E82-A6EA-4457-80D7-B962F65CEF0E}
		{FA4C761F-A7E0-4D15-99FD-91A56CF7DBD0} = {BEFE1E8C-CCFC-4599-BD14-0B2E60C5B27F}
		{D1128137-89B3-4D79-8550-76F7A1CE1D97} = {36215E82-A6EA-4457-80D7-B962F65CEF0E}
		{6752122B-62B0-497E-8404-0C7B0D83FC9B} = {02A688C7-D1F7-40A0-B12B-4111C12C05E8}
		{AD5B2B1D-6AE6-4322-86E3-C9D0AAB6433D} = {73FBF119-7712-4A6F-AF15-F6FF9FDB3018}
		{F6E8559F-6169-4F65-B8D6-20A7FC3C7238} = {BEFE1E8C-CCFC-4599-BD14-0B2E60C5B27F}
		{CB2A6DB6-AE37-4EFE-BA87-8EA15E73D9CD} = {36215E82-A6EA-4457-80D7-B962F65CEF0E}
	EndGlobalSection
	GlobalSection(ExtensibilityGlobals) = postSolution
		SolutionGuid = {337D7E60-F62C-4A93-87E4-3B009C9FD475}
	EndGlobalSection
EndGlobal
